// !$*UTF8*$!
{
	archiveVersion = 1;
	classes = {
	};
	objectVersion = 50;
	objects = {

/* Begin PBXBuildFile section */
		7160435F22EC3CA30070FB84 /* RSA.m in Sources */ = {isa = PBXBuildFile; fileRef = 7160435D22EC3CA30070FB84 /* RSA.m */; };
		7160437522EC49670070FB84 /* DES.m in Sources */ = {isa = PBXBuildFile; fileRef = 7160437422EC49670070FB84 /* DES.m */; };
		7160437A22EC5DEA0070FB84 /* AES.m in Sources */ = {isa = PBXBuildFile; fileRef = 7160437922EC5DEA0070FB84 /* AES.m */; };
		719414AA22EB0A40009BCC70 /* AppDelegate.m in Sources */ = {isa = PBXBuildFile; fileRef = 719414A922EB0A40009BCC70 /* AppDelegate.m */; };
		719414AD22EB0A40009BCC70 /* ViewController.m in Sources */ = {isa = PBXBuildFile; fileRef = 719414AC22EB0A40009BCC70 /* ViewController.m */; };
		719414B022EB0A40009BCC70 /* Main.storyboard in Resources */ = {isa = PBXBuildFile; fileRef = 719414AE22EB0A40009BCC70 /* Main.storyboard */; };
		719414B222EB0A41009BCC70 /* Assets.xcassets in Resources */ = {isa = PBXBuildFile; fileRef = 719414B122EB0A41009BCC70 /* Assets.xcassets */; };
		719414B522EB0A41009BCC70 /* LaunchScreen.storyboard in Resources */ = {isa = PBXBuildFile; fileRef = 719414B322EB0A41009BCC70 /* LaunchScreen.storyboard */; };
		719414B822EB0A41009BCC70 /* main.m in Sources */ = {isa = PBXBuildFile; fileRef = 719414B722EB0A41009BCC70 /* main.m */; };
/* End PBXBuildFile section */

/* Begin PBXFileReference section */
		7160435D22EC3CA30070FB84 /* RSA.m */ = {isa = PBXFileReference; fileEncoding = 4; lastKnownFileType = sourcecode.c.objc; path = RSA.m; sourceTree = "<group>"; };
		7160435E22EC3CA30070FB84 /* RSA.h */ = {isa = PBXFileReference; fileEncoding = 4; lastKnownFileType = sourcecode.c.h; path = RSA.h; sourceTree = "<group>"; };
		7160437322EC49670070FB84 /* DES.h */ = {isa = PBXFileReference; lastKnownFileType = sourcecode.c.h; path = DES.h; sourceTree = "<group>"; };
		7160437422EC49670070FB84 /* DES.m */ = {isa = PBXFileReference; lastKnownFileType = sourcecode.c.objc; path = DES.m; sourceTree = "<group>"; };
		7160437822EC5DEA0070FB84 /* AES.h */ = {isa = PBXFileReference; lastKnownFileType = sourcecode.c.h; path = AES.h; sourceTree = "<group>"; };
		7160437922EC5DEA0070FB84 /* AES.m */ = {isa = PBXFileReference; lastKnownFileType = sourcecode.c.objc; path = AES.m; sourceTree = "<group>"; };
		719414A522EB0A40009BCC70 /* NetworkSecurity.app */ = {isa = PBXFileReference; explicitFileType = wrapper.application; includeInIndex = 0; path = NetworkSecurity.app; sourceTree = BUILT_PRODUCTS_DIR; };
		719414A822EB0A40009BCC70 /* AppDelegate.h */ = {isa = PBXFileReference; lastKnownFileType = sourcecode.c.h; path = AppDelegate.h; sourceTree = "<group>"; };
		719414A922EB0A40009BCC70 /* AppDelegate.m */ = {isa = PBXFileReference; lastKnownFileType = sourcecode.c.objc; path = AppDelegate.m; sourceTree = "<group>"; };
		719414AB22EB0A40009BCC70 /* ViewController.h */ = {isa = PBXFileReference; lastKnownFileType = sourcecode.c.h; path = ViewController.h; sourceTree = "<group>"; };
		719414AC22EB0A40009BCC70 /* ViewController.m */ = {isa = PBXFileReference; lastKnownFileType = sourcecode.c.objc; path = ViewController.m; sourceTree = "<group>"; };
		719414AF22EB0A40009BCC70 /* Base */ = {isa = PBXFileReference; lastKnownFileType = file.storyboard; name = Base; path = Base.lproj/Main.storyboard; sourceTree = "<group>"; };
		719414B122EB0A41009BCC70 /* Assets.xcassets */ = {isa = PBXFileReference; lastKnownFileType = folder.assetcatalog; path = Assets.xcassets; sourceTree = "<group>"; };
		719414B422EB0A41009BCC70 /* Base */ = {isa = PBXFileReference; lastKnownFileType = file.storyboard; name = Base; path = Base.lproj/LaunchScreen.storyboard; sourceTree = "<group>"; };
		719414B622EB0A41009BCC70 /* Info.plist */ = {isa = PBXFileReference; lastKnownFileType = text.plist.xml; path = Info.plist; sourceTree = "<group>"; };
		719414B722EB0A41009BCC70 /* main.m */ = {isa = PBXFileReference; lastKnownFileType = sourcecode.c.objc; path = main.m; sourceTree = "<group>"; };
/* End PBXFileReference section */

/* Begin PBXFrameworksBuildPhase section */
		719414A222EB0A40009BCC70 /* Frameworks */ = {
			isa = PBXFrameworksBuildPhase;
			buildActionMask = 2147483647;
			files = (
			);
			runOnlyForDeploymentPostprocessing = 0;
		};
/* End PBXFrameworksBuildPhase section */

/* Begin PBXGroup section */
		7160436322EC47380070FB84 /* AES */ = {
			isa = PBXGroup;
			children = (
				7160437822EC5DEA0070FB84 /* AES.h */,
				7160437922EC5DEA0070FB84 /* AES.m */,
			);
			path = AES;
			sourceTree = "<group>";
		};
		7160436422EC47470070FB84 /* RSA */ = {
			isa = PBXGroup;
			children = (
				7160435E22EC3CA30070FB84 /* RSA.h */,
				7160435D22EC3CA30070FB84 /* RSA.m */,
			);
			path = RSA;
			sourceTree = "<group>";
		};
		7160437722EC4C350070FB84 /* DES */ = {
			isa = PBXGroup;
			children = (
				7160437322EC49670070FB84 /* DES.h */,
				7160437422EC49670070FB84 /* DES.m */,
			);
			path = DES;
			sourceTree = "<group>";
		};
		7194149C22EB0A40009BCC70 = {
			isa = PBXGroup;
			children = (
				719414A722EB0A40009BCC70 /* NetworkSecurity */,
				719414A622EB0A40009BCC70 /* Products */,
			);
			sourceTree = "<group>";
		};
		719414A622EB0A40009BCC70 /* Products */ = {
			isa = PBXGroup;
			children = (
				719414A522EB0A40009BCC70 /* NetworkSecurity.app */,
			);
			name = Products;
			sourceTree = "<group>";
		};
		719414A722EB0A40009BCC70 /* NetworkSecurity */ = {
			isa = PBXGroup;
			children = (
				719414EA22EB0A93009BCC70 /* Security */,
				719414A822EB0A40009BCC70 /* AppDelegate.h */,
				719414A922EB0A40009BCC70 /* AppDelegate.m */,
				719414AB22EB0A40009BCC70 /* ViewController.h */,
				719414AC22EB0A40009BCC70 /* ViewController.m */,
				719414AE22EB0A40009BCC70 /* Main.storyboard */,
				719414B122EB0A41009BCC70 /* Assets.xcassets */,
				719414B322EB0A41009BCC70 /* LaunchScreen.storyboard */,
				719414B622EB0A41009BCC70 /* Info.plist */,
				719414B722EB0A41009BCC70 /* main.m */,
			);
			path = NetworkSecurity;
			sourceTree = "<group>";
		};
		719414EA22EB0A93009BCC70 /* Security */ = {
			isa = PBXGroup;
			children = (
				7160436322EC47380070FB84 /* AES */,
				7160436422EC47470070FB84 /* RSA */,
				7160437722EC4C350070FB84 /* DES */,
			);
			path = Security;
			sourceTree = "<group>";
		};
/* End PBXGroup section */

/* Begin PBXNativeTarget section */
		719414A422EB0A40009BCC70 /* NetworkSecurity */ = {
			isa = PBXNativeTarget;
			buildConfigurationList = 719414BB22EB0A41009BCC70 /* Build configuration list for PBXNativeTarget "NetworkSecurity" */;
			buildPhases = (
				719414A122EB0A40009BCC70 /* Sources */,
				719414A222EB0A40009BCC70 /* Frameworks */,
				719414A322EB0A40009BCC70 /* Resources */,
			);
			buildRules = (
			);
			dependencies = (
			);
			name = NetworkSecurity;
			productName = NetworkSecurity;
			productReference = 719414A522EB0A40009BCC70 /* NetworkSecurity.app */;
			productType = "com.apple.product-type.application";
		};
/* End PBXNativeTarget section */

/* Begin PBXProject section */
		7194149D22EB0A40009BCC70 /* Project object */ = {
			isa = PBXProject;
			attributes = {
				LastUpgradeCheck = 1030;
				ORGANIZATIONNAME = rongzhixin;
				TargetAttributes = {
					719414A422EB0A40009BCC70 = {
						CreatedOnToolsVersion = 10.3;
					};
				};
			};
			buildConfigurationList = 719414A022EB0A40009BCC70 /* Build configuration list for PBXProject "NetworkSecurity" */;
			compatibilityVersion = "Xcode 9.3";
			developmentRegion = en;
			hasScannedForEncodings = 0;
			knownRegions = (
				en,
				Base,
			);
			mainGroup = 7194149C22EB0A40009BCC70;
			productRefGroup = 719414A622EB0A40009BCC70 /* Products */;
			projectDirPath = "";
			projectRoot = "";
			targets = (
				719414A422EB0A40009BCC70 /* NetworkSecurity */,
			);
		};
/* End PBXProject section */

/* Begin PBXResourcesBuildPhase section */
		719414A322EB0A40009BCC70 /* Resources */ = {
			isa = PBXResourcesBuildPhase;
			buildActionMask = 2147483647;
			files = (
				719414B522EB0A41009BCC70 /* LaunchScreen.storyboard in Resources */,
				719414B222EB0A41009BCC70 /* Assets.xcassets in Resources */,
				719414B022EB0A40009BCC70 /* Main.storyboard in Resources */,
			);
			runOnlyForDeploymentPostprocessing = 0;
		};
/* End PBXResourcesBuildPhase section */

/* Begin PBXSourcesBuildPhase section */
		719414A122EB0A40009BCC70 /* Sources */ = {
			isa = PBXSourcesBuildPhase;
			buildActionMask = 2147483647;
			files = (
				7160437522EC49670070FB84 /* DES.m in Sources */,
				7160437A22EC5DEA0070FB84 /* AES.m in Sources */,
				719414AD22EB0A40009BCC70 /* ViewController.m in Sources */,
				7160435F22EC3CA30070FB84 /* RSA.m in Sources */,
				719414B822EB0A41009BCC70 /* main.m in Sources */,
				719414AA22EB0A40009BCC70 /* AppDelegate.m in Sources */,
			);
			runOnlyForDeploymentPostprocessing = 0;
		};
/* End PBXSourcesBuildPhase section */

/* Begin PBXVariantGroup section */
		719414AE22EB0A40009BCC70 /* Main.storyboard */ = {
			isa = PBXVariantGroup;
			children = (
				719414AF22EB0A40009BCC70 /* Base */,
			);
			name = Main.storyboard;
			sourceTree = "<group>";
		};
		719414B322EB0A41009BCC70 /* LaunchScreen.storyboard */ = {
			isa = PBXVariantGroup;
			children = (
				719414B422EB0A41009BCC70 /* Base */,
			);
			name = LaunchScreen.storyboard;
			sourceTree = "<group>";
		};
/* End PBXVariantGroup section */

/* Begin XCBuildConfiguration section */
		719414B922EB0A41009BCC70 /* Debug */ = {
			isa = XCBuildConfiguration;
			buildSettings = {
				ALWAYS_SEARCH_USER_PATHS = NO;
				CLANG_ANALYZER_NONNULL = YES;
				CLANG_ANALYZER_NUMBER_OBJECT_CONVERSION = YES_AGGRESSIVE;
				CLANG_CXX_LANGUAGE_STANDARD = "gnu++14";
				CLANG_CXX_LIBRARY = "libc++";
				CLANG_ENABLE_MODULES = YES;
				CLANG_ENABLE_OBJC_ARC = YES;
				CLANG_ENABLE_OBJC_WEAK = YES;
				CLANG_WARN_BLOCK_CAPTURE_AUTORELEASING = YES;
				CLANG_WARN_BOOL_CONVERSION = YES;
				CLANG_WARN_COMMA = YES;
				CLANG_WARN_CONSTANT_CONVERSION = YES;
				CLANG_WARN_DEPRECATED_OBJC_IMPLEMENTATIONS = YES;
				CLANG_WARN_DIRECT_OBJC_ISA_USAGE = YES_ERROR;
				CLANG_WARN_DOCUMENTATION_COMMENTS = YES;
				CLANG_WARN_EMPTY_BODY = YES;
				CLANG_WARN_ENUM_CONVERSION = YES;
				CLANG_WARN_INFINITE_RECURSION = YES;
				CLANG_WARN_INT_CONVERSION = YES;
				CLANG_WARN_NON_LITERAL_NULL_CONVERSION = YES;
				CLANG_WARN_OBJC_IMPLICIT_RETAIN_SELF = YES;
				CLANG_WARN_OBJC_LITERAL_CONVERSION = YES;
				CLANG_WARN_OBJC_ROOT_CLASS = YES_ERROR;
				CLANG_WARN_RANGE_LOOP_ANALYSIS = YES;
				CLANG_WARN_STRICT_PROTOTYPES = YES;
				CLANG_WARN_SUSPICIOUS_MOVE = YES;
				CLANG_WARN_UNGUARDED_AVAILABILITY = YES_AGGRESSIVE;
				CLANG_WARN_UNREACHABLE_CODE = YES;
				CLANG_WARN__DUPLICATE_METHOD_MATCH = YES;
				CODE_SIGN_IDENTITY = "iPhone Developer";
				COPY_PHASE_STRIP = NO;
				DEBUG_INFORMATION_FORMAT = dwarf;
				ENABLE_STRICT_OBJC_MSGSEND = YES;
				ENABLE_TESTABILITY = YES;
				GCC_C_LANGUAGE_STANDARD = gnu11;
				GCC_DYNAMIC_NO_PIC = NO;
				GCC_NO_COMMON_BLOCKS = YES;
				GCC_OPTIMIZATION_LEVEL = 0;
				GCC_PREPROCESSOR_DEFINITIONS = (
					"DEBUG=1",
					"$(inherited)",
				);
				GCC_WARN_64_TO_32_BIT_CONVERSION = YES;
				GCC_WARN_ABOUT_RETURN_TYPE = YES_ERROR;
				GCC_WARN_UNDECLARED_SELECTOR = YES;
				GCC_WARN_UNINITIALIZED_AUTOS = YES_AGGRESSIVE;
				GCC_WARN_UNUSED_FUNCTION = YES;
				GCC_WARN_UNUSED_VARIABLE = YES;
				IPHONEOS_DEPLOYMENT_TARGET = 12.4;
				MTL_ENABLE_DEBUG_INFO = INCLUDE_SOURCE;
				MTL_FAST_MATH = YES;
				ONLY_ACTIVE_ARCH = YES;
				SDKROOT = iphoneos;
			};
			name = Debug;
		};
		719414BA22EB0A41009BCC70 /* Release */ = {
			isa = XCBuildConfiguration;
			buildSettings = {
				ALWAYS_SEARCH_USER_PATHS = NO;
				CLANG_ANALYZER_NONNULL = YES;
				CLANG_ANALYZER_NUMBER_OBJECT_CONVERSION = YES_AGGRESSIVE;
				CLANG_CXX_LANGUAGE_STANDARD = "gnu++14";
				CLANG_CXX_LIBRARY = "libc++";
				CLANG_ENABLE_MODULES = YES;
				CLANG_ENABLE_OBJC_ARC = YES;
				CLANG_ENABLE_OBJC_WEAK = YES;
				CLANG_WARN_BLOCK_CAPTURE_AUTORELEASING = YES;
				CLANG_WARN_BOOL_CONVERSION = YES;
				CLANG_WARN_COMMA = YES;
				CLANG_WARN_CONSTANT_CONVERSION = YES;
				CLANG_WARN_DEPRECATED_OBJC_IMPLEMENTATIONS = YES;
				CLANG_WARN_DIRECT_OBJC_ISA_USAGE = YES_ERROR;
				CLANG_WARN_DOCUMENTATION_COMMENTS = YES;
				CLANG_WARN_EMPTY_BODY = YES;
				CLANG_WARN_ENUM_CONVERSION = YES;
				CLANG_WARN_INFINITE_RECURSION = YES;
				CLANG_WARN_INT_CONVERSION = YES;
				CLANG_WARN_NON_LITERAL_NULL_CONVERSION = YES;
				CLANG_WARN_OBJC_IMPLICIT_RETAIN_SELF = YES;
				CLANG_WARN_OBJC_LITERAL_CONVERSION = YES;
				CLANG_WARN_OBJC_ROOT_CLASS = YES_ERROR;
				CLANG_WARN_RANGE_LOOP_ANALYSIS = YES;
				CLANG_WARN_STRICT_PROTOTYPES = YES;
				CLANG_WARN_SUSPICIOUS_MOVE = YES;
				CLANG_WARN_UNGUARDED_AVAILABILITY = YES_AGGRESSIVE;
				CLANG_WARN_UNREACHABLE_CODE = YES;
				CLANG_WARN__DUPLICATE_METHOD_MATCH = YES;
				CODE_SIGN_IDENTITY = "iPhone Developer";
				COPY_PHASE_STRIP = NO;
				DEBUG_INFORMATION_FORMAT = "dwarf-with-dsym";
				ENABLE_NS_ASSERTIONS = NO;
				ENABLE_STRICT_OBJC_MSGSEND = YES;
				GCC_C_LANGUAGE_STANDARD = gnu11;
				GCC_NO_COMMON_BLOCKS = YES;
				GCC_WARN_64_TO_32_BIT_CONVERSION = YES;
				GCC_WARN_ABOUT_RETURN_TYPE = YES_ERROR;
				GCC_WARN_UNDECLARED_SELECTOR = YES;
				GCC_WARN_UNINITIALIZED_AUTOS = YES_AGGRESSIVE;
				GCC_WARN_UNUSED_FUNCTION = YES;
				GCC_WARN_UNUSED_VARIABLE = YES;
				IPHONEOS_DEPLOYMENT_TARGET = 12.4;
				MTL_ENABLE_DEBUG_INFO = NO;
				MTL_FAST_MATH = YES;
				SDKROOT = iphoneos;
				VALIDATE_PRODUCT = YES;
			};
			name = Release;
		};
		719414BC22EB0A41009BCC70 /* Debug */ = {
			isa = XCBuildConfiguration;
			buildSettings = {
				ASSETCATALOG_COMPILER_APPICON_NAME = AppIcon;
				CODE_SIGN_STYLE = Automatic;
				DEVELOPMENT_TEAM = HB35X95BMT;
				INFOPLIST_FILE = NetworkSecurity/Info.plist;
				IPHONEOS_DEPLOYMENT_TARGET = 12.3;
				LD_RUNPATH_SEARCH_PATHS = (
					"$(inherited)",
					"@executable_path/Frameworks",
				);
				LIBRARY_SEARCH_PATHS = (
					"$(inherited)",
					"$(PROJECT_DIR)/NetworkSecurity/Security/RSA/openssl/lib",
				);
				PRODUCT_BUNDLE_IDENTIFIER = com.rzx.NetworkSecurity;
				PRODUCT_NAME = "$(TARGET_NAME)";
				TARGETED_DEVICE_FAMILY = "1,2";
			};
			name = Debug;
		};
		719414BD22EB0A41009BCC70 /* Release */ = {
			isa = XCBuildConfiguration;
			buildSettings = {
				ASSETCATALOG_COMPILER_APPICON_NAME = AppIcon;
				CODE_SIGN_STYLE = Automatic;
				DEVELOPMENT_TEAM = HB35X95BMT;
				INFOPLIST_FILE = NetworkSecurity/Info.plist;
				IPHONEOS_DEPLOYMENT_TARGET = 12.3;
				LD_RUNPATH_SEARCH_PATHS = (
					"$(inherited)",
					"@executable_path/Frameworks",
				);
				LIBRARY_SEARCH_PATHS = (
					"$(inherited)",
					"$(PROJECT_DIR)/NetworkSecurity/Security/RSA/openssl/lib",
				);
				PRODUCT_BUNDLE_IDENTIFIER = com.rzx.NetworkSecurity;
				PRODUCT_NAME = "$(TARGET_NAME)";
				TARGETED_DEVICE_FAMILY = "1,2";
			};
			name = Release;
		};
/* End XCBuildConfiguration section */

/* Begin XCConfigurationList section */
		719414A022EB0A40009BCC70 /* Build configuration list for PBXProject "NetworkSecurity" */ = {
			isa = XCConfigurationList;
			buildConfigurations = (
				719414B922EB0A41009BCC70 /* Debug */,
				719414BA22EB0A41009BCC70 /* Release */,
			);
			defaultConfigurationIsVisible = 0;
			defaultConfigurationName = Release;
		};
		719414BB22EB0A41009BCC70 /* Build configuration list for PBXNativeTarget "NetworkSecurity" */ = {
			isa = XCConfigurationList;
			buildConfigurations = (
				719414BC22EB0A41009BCC70 /* Debug */,
				719414BD22EB0A41009BCC70 /* Release */,
			);
			defaultConfigurationIsVisible = 0;
			defaultConfigurationName = Release;
		};
/* End XCConfigurationList section */
	};
	rootObject = 7194149D22EB0A40009BCC70 /* Project object */;
}
